# THIS IS AN AUTOGENERATED FILE. DO NOT EDIT THIS FILE DIRECTLY.
# yarn lockfile v1


"3js@^1.0.0":
  version "1.0.0"
  resolved "https://registry.yarnpkg.com/3js/-/3js-1.0.0.tgz#3fb0734fafd47bfdf46586c50d617872c99e32c5"
  integrity sha512-yOlJqOfcF9pajjtU6ZCjpAEQWLT84FMbh4Tc5T3uGj9Cx6pkmMwQzzKTGQfCP5Mub6/vhsVk91K4+2agj4S+TA==
